
Microsoft Visual Studio Solution File, Format Version 12.00
# Visual Studio Version 16
VisualStudioVersion = 16.0.31624.102
MinimumVisualStudioVersion = 10.0.40219.1
Project("{FAE04EC0-301F-11D3-BF4B-00C04F79EFBC}") = "AgarPlugin", "AgarPlugin.csproj", "{91A35056-8AC3-444F-A612-E42A7814AFC8}"
EndProject
Global
	GlobalSection(SolutionConfigurationPlatforms) = preSolution
		Debug|Any CPU = Debug|Any CPU
		Release|Any CPU = Release|Any CPU
	EndGlobalSection
	GlobalSection(ProjectConfigurationPlatforms) = postSolution
		{91A35056-8AC3-444F-A612-E42A7814AFC8}.Debug|Any CPU.ActiveCfg = Debug|Any CPU
		{91A35056-8AC3-444F-A612-E42A7814AFC8}.Debug|Any CPU.Build.0 = Debug|Any CPU
		{91A35056-8AC3-444F-A612-E42A7814AFC8}.Release|Any CPU.ActiveCfg = Release|Any CPU
		{91A35056-8AC3-444F-A612-E42A7814AFC8}.Release|Any CPU.Build.0 = Release|Any CPU
	EndGlobalSection
	GlobalSection(SolutionProperties) = preSolution
		HideSolutionNode = FALSE
	EndGlobalSection
	GlobalSection(ExtensibilityGlobals) = postSolution
		SolutionGuid = {68EF3B96-F9B1-46A6-8248-3F3BD2FC3A11}
	EndGlobalSection
EndGlobal
